
Microsoft Visual Studio Solution File, Format Version 12.00
# Visual Studio Version 17
VisualStudioVersion = 17.2.32616.157
MinimumVisualStudioVersion = 10.0.40219.1
Project("{9A19103F-16F7-4668-BE54-9A1E7A4F7556}") = "Recursion Tutorial", "Recursion Tutorial\Recursion Tutorial.csproj", "{3DB66630-8A67-4E7F-A2F4-E88600B7EB5A}"
EndProject
Project("{9A19103F-16F7-4668-BE54-9A1E7A4F7556}") = "Arrays", "Arrays\Arrays.csproj", "{D3863405-8FD6-455A-9C75-1156665C6F51}"
EndProject
Project("{9A19103F-16F7-4668-BE54-9A1E7A4F7556}") = "School_project", "School_project\School_project.csproj", "{BD92C854-4348-462F-943D-8AF78F2E9BD3}"
EndProject
Project("{9A19103F-16F7-4668-BE54-9A1E7A4F7556}") = "Project", "Project\Project.csproj", "{C6026DCA-C4DA-49C6-AE7D-86A4CEAE39F3}"
EndProject
Project("{9A19103F-16F7-4668-BE54-9A1E7A4F7556}") = "ITCareer", "ITCareer\ITCareer.csproj", "{04CECA17-3688-4FA7-86C8-4C6B81619B86}"
EndProject
Project("{FAE04EC0-301F-11D3-BF4B-00C04F79EFBC}") = "Grade", "Grade\Grade.csproj", "{2BBD0F7C-490C-48D5-A88A-AE3C7C259EAD}"
EndProject
Global
	GlobalSection(SolutionConfigurationPlatforms) = preSolution
		Debug|Any CPU = Debug|Any CPU
		Release|Any CPU = Release|Any CPU
	EndGlobalSection
	GlobalSection(ProjectConfigurationPlatforms) = postSolution
		{3DB66630-8A67-4E7F-A2F4-E88600B7EB5A}.Debug|Any CPU.ActiveCfg = Debug|Any CPU
		{3DB66630-8A67-4E7F-A2F4-E88600B7EB5A}.Debug|Any CPU.Build.0 = Debug|Any CPU
		{3DB66630-8A67-4E7F-A2F4-E88600B7EB5A}.Release|Any CPU.ActiveCfg = Release|Any CPU
		{3DB66630-8A67-4E7F-A2F4-E88600B7EB5A}.Release|Any CPU.Build.0 = Release|Any CPU
		{D3863405-8FD6-455A-9C75-1156665C6F51}.Debug|Any CPU.ActiveCfg = Debug|Any CPU
		{D3863405-8FD6-455A-9C75-1156665C6F51}.Debug|Any CPU.Build.0 = Debug|Any CPU
		{D3863405-8FD6-455A-9C75-1156665C6F51}.Release|Any CPU.ActiveCfg = Release|Any CPU
		{D3863405-8FD6-455A-9C75-1156665C6F51}.Release|Any CPU.Build.0 = Release|Any CPU
		{BD92C854-4348-462F-943D-8AF78F2E9BD3}.Debug|Any CPU.ActiveCfg = Debug|Any CPU
		{BD92C854-4348-462F-943D-8AF78F2E9BD3}.Debug|Any CPU.Build.0 = Debug|Any CPU
		{BD92C854-4348-462F-943D-8AF78F2E9BD3}.Release|Any CPU.ActiveCfg = Release|Any CPU
		{BD92C854-4348-462F-943D-8AF78F2E9BD3}.Release|Any CPU.Build.0 = Release|Any CPU
		{C6026DCA-C4DA-49C6-AE7D-86A4CEAE39F3}.Debug|Any CPU.ActiveCfg = Debug|Any CPU
		{C6026DCA-C4DA-49C6-AE7D-86A4CEAE39F3}.Debug|Any CPU.Build.0 = Debug|Any CPU
		{C6026DCA-C4DA-49C6-AE7D-86A4CEAE39F3}.Release|Any CPU.ActiveCfg = Release|Any CPU
		{C6026DCA-C4DA-49C6-AE7D-86A4CEAE39F3}.Release|Any CPU.Build.0 = Release|Any CPU
		{04CECA17-3688-4FA7-86C8-4C6B81619B86}.Debug|Any CPU.ActiveCfg = Debug|Any CPU
		{04CECA17-3688-4FA7-86C8-4C6B81619B86}.Debug|Any CPU.Build.0 = Debug|Any CPU
		{04CECA17-3688-4FA7-86C8-4C6B81619B86}.Release|Any CPU.ActiveCfg = Release|Any CPU
		{04CECA17-3688-4FA7-86C8-4C6B81619B86}.Release|Any CPU.Build.0 = Release|Any CPU
		{2BBD0F7C-490C-48D5-A88A-AE3C7C259EAD}.Debug|Any CPU.ActiveCfg = Debug|Any CPU
		{2BBD0F7C-490C-48D5-A88A-AE3C7C259EAD}.Debug|Any CPU.Build.0 = Debug|Any CPU
		{2BBD0F7C-490C-48D5-A88A-AE3C7C259EAD}.Release|Any CPU.ActiveCfg = Release|Any CPU
		{2BBD0F7C-490C-48D5-A88A-AE3C7C259EAD}.Release|Any CPU.Build.0 = Release|Any CPU
	EndGlobalSection
	GlobalSection(SolutionProperties) = preSolution
		HideSolutionNode = FALSE
	EndGlobalSection
	GlobalSection(ExtensibilityGlobals) = postSolution
		SolutionGuid = {013B45DB-30CB-4C63-B887-B2185A40D35A}
	EndGlobalSection
EndGlobal
