
Microsoft Visual Studio Solution File, Format Version 12.00
# Visual Studio Version 17
VisualStudioVersion = 17.4.33110.190
MinimumVisualStudioVersion = 10.0.40219.1
Project("{FAE04EC0-301F-11D3-BF4B-00C04F79EFBC}") = "Катерина_18-решение 2", "Катерина_18-решение 2.csproj", "{210B42BC-067B-4434-998F-D6C11AC0ED95}"
EndProject
Global
	GlobalSection(SolutionConfigurationPlatforms) = preSolution
		Debug|Any CPU = Debug|Any CPU
		Release|Any CPU = Release|Any CPU
	EndGlobalSection
	GlobalSection(ProjectConfigurationPlatforms) = postSolution
		{210B42BC-067B-4434-998F-D6C11AC0ED95}.Debug|Any CPU.ActiveCfg = Debug|Any CPU
		{210B42BC-067B-4434-998F-D6C11AC0ED95}.Debug|Any CPU.Build.0 = Debug|Any CPU
		{210B42BC-067B-4434-998F-D6C11AC0ED95}.Release|Any CPU.ActiveCfg = Release|Any CPU
		{210B42BC-067B-4434-998F-D6C11AC0ED95}.Release|Any CPU.Build.0 = Release|Any CPU
	EndGlobalSection
	GlobalSection(SolutionProperties) = preSolution
		HideSolutionNode = FALSE
	EndGlobalSection
	GlobalSection(ExtensibilityGlobals) = postSolution
		SolutionGuid = {E0716493-063D-4D3D-8A0B-DDD666372F5F}
	EndGlobalSection
EndGlobal
